
Microsoft Visual Studio Solution File, Format Version 12.00
# Visual Studio 15
VisualStudioVersion = 15.0.28307.421
MinimumVisualStudioVersion = 10.0.40219.1
Project("{FAE04EC0-301F-11D3-BF4B-00C04F79EFBC}") = "TimeSheetApp", "TimeSheetApp\TimeSheetApp.csproj", "{8B8C1A4F-1EB7-446B-8DC1-494AF1610BEC}"
EndProject
Global
	GlobalSection(SolutionConfigurationPlatforms) = preSolution
		Debug|Any CPU = Debug|Any CPU
		Release|Any CPU = Release|Any CPU
	EndGlobalSection
	GlobalSection(ProjectConfigurationPlatforms) = postSolution
		{8B8C1A4F-1EB7-446B-8DC1-494AF1610BEC}.Debug|Any CPU.ActiveCfg = Debug|Any CPU
		{8B8C1A4F-1EB7-446B-8DC1-494AF1610BEC}.Debug|Any CPU.Build.0 = Debug|Any CPU
		{8B8C1A4F-1EB7-446B-8DC1-494AF1610BEC}.Release|Any CPU.ActiveCfg = Release|Any CPU
		{8B8C1A4F-1EB7-446B-8DC1-494AF1610BEC}.Release|Any CPU.Build.0 = Release|Any CPU
	EndGlobalSection
	GlobalSection(SolutionProperties) = preSolution
		HideSolutionNode = FALSE
	EndGlobalSection
	GlobalSection(ExtensibilityGlobals) = postSolution
		SolutionGuid = {A7A1DF4D-4EE9-4934-953C-59AF004463BB}
	EndGlobalSection
EndGlobal
