
Microsoft Visual Studio Solution File, Format Version 12.00
# Visual Studio Version 16
VisualStudioVersion = 16.0.29326.143
MinimumVisualStudioVersion = 10.0.40219.1
Project("{FAE04EC0-301F-11D3-BF4B-00C04F79EFBC}") = "TimeSheetApp", "TimeSheetApp\TimeSheetApp.csproj", "{8B8C1A4F-1EB7-446B-8DC1-494AF1610BEC}"
EndProject
Project("{FAE04EC0-301F-11D3-BF4B-00C04F79EFBC}") = "UpdaterForm", "UpdaterForm\UpdaterForm.csproj", "{6566C02B-1633-4829-8BF2-D1C9EB45C77A}"
EndProject
Project("{FAE04EC0-301F-11D3-BF4B-00C04F79EFBC}") = "TimeSheetTests", "TimeSheetTests\TimeSheetTests.csproj", "{7AE93078-0F89-495E-832B-C3F42D8789B1}"
EndProject
Project("{FAE04EC0-301F-11D3-BF4B-00C04F79EFBC}") = "UIAutomationTS", "UIAutomationTS\UIAutomationTS.csproj", "{D75CAA2D-523D-4904-8714-B20B8AF8EBA3}"
EndProject
Global
	GlobalSection(SolutionConfigurationPlatforms) = preSolution
		Debug|Any CPU = Debug|Any CPU
		Release|Any CPU = Release|Any CPU
	EndGlobalSection
	GlobalSection(ProjectConfigurationPlatforms) = postSolution
		{8B8C1A4F-1EB7-446B-8DC1-494AF1610BEC}.Debug|Any CPU.ActiveCfg = Debug|Any CPU
		{8B8C1A4F-1EB7-446B-8DC1-494AF1610BEC}.Debug|Any CPU.Build.0 = Debug|Any CPU
		{8B8C1A4F-1EB7-446B-8DC1-494AF1610BEC}.Release|Any CPU.ActiveCfg = Release|Any CPU
		{8B8C1A4F-1EB7-446B-8DC1-494AF1610BEC}.Release|Any CPU.Build.0 = Release|Any CPU
		{6566C02B-1633-4829-8BF2-D1C9EB45C77A}.Debug|Any CPU.ActiveCfg = Debug|Any CPU
		{6566C02B-1633-4829-8BF2-D1C9EB45C77A}.Debug|Any CPU.Build.0 = Debug|Any CPU
		{6566C02B-1633-4829-8BF2-D1C9EB45C77A}.Release|Any CPU.ActiveCfg = Release|Any CPU
		{6566C02B-1633-4829-8BF2-D1C9EB45C77A}.Release|Any CPU.Build.0 = Release|Any CPU
		{7AE93078-0F89-495E-832B-C3F42D8789B1}.Debug|Any CPU.ActiveCfg = Debug|Any CPU
		{7AE93078-0F89-495E-832B-C3F42D8789B1}.Debug|Any CPU.Build.0 = Debug|Any CPU
		{7AE93078-0F89-495E-832B-C3F42D8789B1}.Release|Any CPU.ActiveCfg = Release|Any CPU
		{D75CAA2D-523D-4904-8714-B20B8AF8EBA3}.Debug|Any CPU.ActiveCfg = Debug|Any CPU
		{D75CAA2D-523D-4904-8714-B20B8AF8EBA3}.Debug|Any CPU.Build.0 = Debug|Any CPU
		{D75CAA2D-523D-4904-8714-B20B8AF8EBA3}.Release|Any CPU.ActiveCfg = Release|Any CPU
	EndGlobalSection
	GlobalSection(SolutionProperties) = preSolution
		HideSolutionNode = FALSE
	EndGlobalSection
	GlobalSection(ExtensibilityGlobals) = postSolution
		SolutionGuid = {A7A1DF4D-4EE9-4934-953C-59AF004463BB}
	EndGlobalSection
EndGlobal
